
Microsoft Visual Studio Solution File, Format Version 12.00
# Visual Studio Version 16
VisualStudioVersion = 16.0.31727.386
MinimumVisualStudioVersion = 10.0.40219.1
Project("{FAE04EC0-301F-11D3-BF4B-00C04F79EFBC}") = "OOP-DZ2", "OOP-DZ2\OOP-DZ2.csproj", "{65AC2EA4-536A-4B1E-947F-4DD1CC5A931F}"
EndProject
Project("{FAE04EC0-301F-11D3-BF4B-00C04F79EFBC}") = "Logika", "Logikarj.cs\Logika.csproj", "{4D0C79EC-E37D-405B-B3F7-3D5C915D1A9F}"
EndProject
Global
	GlobalSection(SolutionConfigurationPlatforms) = preSolution
		Debug|Any CPU = Debug|Any CPU
		Release|Any CPU = Release|Any CPU
	EndGlobalSection
	GlobalSection(ProjectConfigurationPlatforms) = postSolution
		{65AC2EA4-536A-4B1E-947F-4DD1CC5A931F}.Debug|Any CPU.ActiveCfg = Debug|Any CPU
		{65AC2EA4-536A-4B1E-947F-4DD1CC5A931F}.Debug|Any CPU.Build.0 = Debug|Any CPU
		{65AC2EA4-536A-4B1E-947F-4DD1CC5A931F}.Release|Any CPU.ActiveCfg = Release|Any CPU
		{65AC2EA4-536A-4B1E-947F-4DD1CC5A931F}.Release|Any CPU.Build.0 = Release|Any CPU
		{4D0C79EC-E37D-405B-B3F7-3D5C915D1A9F}.Debug|Any CPU.ActiveCfg = Debug|Any CPU
		{4D0C79EC-E37D-405B-B3F7-3D5C915D1A9F}.Debug|Any CPU.Build.0 = Debug|Any CPU
		{4D0C79EC-E37D-405B-B3F7-3D5C915D1A9F}.Release|Any CPU.ActiveCfg = Release|Any CPU
		{4D0C79EC-E37D-405B-B3F7-3D5C915D1A9F}.Release|Any CPU.Build.0 = Release|Any CPU
	EndGlobalSection
	GlobalSection(SolutionProperties) = preSolution
		HideSolutionNode = FALSE
	EndGlobalSection
	GlobalSection(ExtensibilityGlobals) = postSolution
		SolutionGuid = {103FB921-F160-45C9-B5F7-6F6DA53BDC86}
	EndGlobalSection
EndGlobal
